
Microsoft Visual Studio Solution File, Format Version 12.00
# Visual Studio 14
VisualStudioVersion = 14.0.25420.1
MinimumVisualStudioVersion = 10.0.40219.1
Project("{8BC9CEB8-8B4A-11D0-8D11-00A0C91BC942}") = "Exceptions", "Exceptions\Exceptions.vcxproj", "{BB1E9B1B-6AA4-486C-B58C-F929AB1E6EC9}"
EndProject
Project("{8BC9CEB8-8B4A-11D0-8D11-00A0C91BC942}") = "ImplicitExceptionThrow", "ImplicitExceptionThrow\ImplicitExceptionThrow.vcxproj", "{83ACDE27-A42D-44BE-B41A-2F3F6FA61BDB}"
EndProject
Project("{8BC9CEB8-8B4A-11D0-8D11-00A0C91BC942}") = "ThrowControl", "ThrowControl\ThrowControl.vcxproj", "{3C93208F-F6B3-42AA-A25F-1513AA4A4447}"
EndProject
Project("{8BC9CEB8-8B4A-11D0-8D11-00A0C91BC942}") = "OperatorCatch", "OperatorCatch\OperatorCatch.vcxproj", "{6F2247BB-90E5-4212-9C33-90ACEF33265E}"
EndProject
Project("{8BC9CEB8-8B4A-11D0-8D11-00A0C91BC942}") = "DisiminationException", "DisiminationException\DisiminationException.vcxproj", "{7ADD5386-8DB7-4539-87AF-F63D4054B946}"
EndProject
Project("{8BC9CEB8-8B4A-11D0-8D11-00A0C91BC942}") = "DisiminationException 2", "DisiminationException 2\DisiminationException 2.vcxproj", "{5FDFE560-DE7F-4DBB-B0AC-ABF19A01F961}"
EndProject
Project("{8BC9CEB8-8B4A-11D0-8D11-00A0C91BC942}") = "NestetTry", "NestetTry\NestetTry.vcxproj", "{2AE599DC-C6EB-4B3E-8820-D6E6B28A5D6C}"
EndProject
Project("{8BC9CEB8-8B4A-11D0-8D11-00A0C91BC942}") = "ExceptionInCtorAndDtor", "ExceptionInCtorAndDtor\ExceptionInCtorAndDtor.vcxproj", "{12F6DB74-6779-4391-8EC8-063796EE91CB}"
EndProject
Project("{8BC9CEB8-8B4A-11D0-8D11-00A0C91BC942}") = "ExceptionTree", "ExceptionTree\ExceptionTree.vcxproj", "{BAA530B8-6CE1-458E-AF3D-9584415E79BB}"
EndProject
Project("{8BC9CEB8-8B4A-11D0-8D11-00A0C91BC942}") = "UncauException", "UncauException\UncauException.vcxproj", "{318ACCFC-11FB-4287-BFF4-AE9212271FB1}"
EndProject
Project("{8BC9CEB8-8B4A-11D0-8D11-00A0C91BC942}") = "UncauException 2", "UncauException 2\UncauException 2.vcxproj", "{14D9037B-743B-4309-ABA3-41F5B21E2076}"
EndProject
Project("{8BC9CEB8-8B4A-11D0-8D11-00A0C91BC942}") = "ErrnoMathematics", "ErrnoException\ErrnoException.vcxproj", "{6D4A24A5-0FD0-433C-9608-1DE01CE2427D}"
EndProject
Project("{8BC9CEB8-8B4A-11D0-8D11-00A0C91BC942}") = "ErrnoInC++", "ErrnoInC++\ErrnoInC++.vcxproj", "{9A054331-0F37-4205-829F-71F5C849BCF9}"
EndProject
Project("{8BC9CEB8-8B4A-11D0-8D11-00A0C91BC942}") = "UncauException 3", "UncauException 3\UncauException 3.vcxproj", "{0A12CE13-38D2-4E03-A4F9-38E16E142963}"
EndProject
Project("{8BC9CEB8-8B4A-11D0-8D11-00A0C91BC942}") = "ExceptionStandartLibrary", "ExceptionStandartLibrary\ExceptionStandartLibrary.vcxproj", "{05BA4192-33D8-4C16-A9DF-F965876A1A9E}"
EndProject
Project("{8BC9CEB8-8B4A-11D0-8D11-00A0C91BC942}") = "UncaulException 3", "UncaulException 3\UncaulException 3.vcxproj", "{0443498A-FCD8-430E-8FFC-3ADE2A15794D}"
EndProject
Project("{8BC9CEB8-8B4A-11D0-8D11-00A0C91BC942}") = "ErrorCode", "ErrorCode\ErrorCode.vcxproj", "{D6C35A7B-DE80-44E9-B1AE-F1AC99F68D10}"
EndProject
Project("{8BC9CEB8-8B4A-11D0-8D11-00A0C91BC942}") = "ErrorCode2", "ErrorCode2\ErrorCode2.vcxproj", "{E6384D93-6439-4AF9-8A9A-7C9FBE6045ED}"
EndProject
Project("{8BC9CEB8-8B4A-11D0-8D11-00A0C91BC942}") = "ErrorCode 3", "ErrorCode 3\ErrorCode 3.vcxproj", "{F9B6D3C8-9394-4AB9-8933-9C9F9B9ED758}"
EndProject
Global
	GlobalSection(SolutionConfigurationPlatforms) = preSolution
		Debug|x64 = Debug|x64
		Debug|x86 = Debug|x86
		Release|x64 = Release|x64
		Release|x86 = Release|x86
	EndGlobalSection
	GlobalSection(ProjectConfigurationPlatforms) = postSolution
		{BB1E9B1B-6AA4-486C-B58C-F929AB1E6EC9}.Debug|x64.ActiveCfg = Debug|x64
		{BB1E9B1B-6AA4-486C-B58C-F929AB1E6EC9}.Debug|x64.Build.0 = Debug|x64
		{BB1E9B1B-6AA4-486C-B58C-F929AB1E6EC9}.Debug|x86.ActiveCfg = Debug|Win32
		{BB1E9B1B-6AA4-486C-B58C-F929AB1E6EC9}.Debug|x86.Build.0 = Debug|Win32
		{BB1E9B1B-6AA4-486C-B58C-F929AB1E6EC9}.Release|x64.ActiveCfg = Release|x64
		{BB1E9B1B-6AA4-486C-B58C-F929AB1E6EC9}.Release|x64.Build.0 = Release|x64
		{BB1E9B1B-6AA4-486C-B58C-F929AB1E6EC9}.Release|x86.ActiveCfg = Release|Win32
		{BB1E9B1B-6AA4-486C-B58C-F929AB1E6EC9}.Release|x86.Build.0 = Release|Win32
		{83ACDE27-A42D-44BE-B41A-2F3F6FA61BDB}.Debug|x64.ActiveCfg = Debug|x64
		{83ACDE27-A42D-44BE-B41A-2F3F6FA61BDB}.Debug|x64.Build.0 = Debug|x64
		{83ACDE27-A42D-44BE-B41A-2F3F6FA61BDB}.Debug|x86.ActiveCfg = Debug|Win32
		{83ACDE27-A42D-44BE-B41A-2F3F6FA61BDB}.Debug|x86.Build.0 = Debug|Win32
		{83ACDE27-A42D-44BE-B41A-2F3F6FA61BDB}.Release|x64.ActiveCfg = Release|x64
		{83ACDE27-A42D-44BE-B41A-2F3F6FA61BDB}.Release|x64.Build.0 = Release|x64
		{83ACDE27-A42D-44BE-B41A-2F3F6FA61BDB}.Release|x86.ActiveCfg = Release|Win32
		{83ACDE27-A42D-44BE-B41A-2F3F6FA61BDB}.Release|x86.Build.0 = Release|Win32
		{3C93208F-F6B3-42AA-A25F-1513AA4A4447}.Debug|x64.ActiveCfg = Debug|x64
		{3C93208F-F6B3-42AA-A25F-1513AA4A4447}.Debug|x64.Build.0 = Debug|x64
		{3C93208F-F6B3-42AA-A25F-1513AA4A4447}.Debug|x86.ActiveCfg = Debug|Win32
		{3C93208F-F6B3-42AA-A25F-1513AA4A4447}.Debug|x86.Build.0 = Debug|Win32
		{3C93208F-F6B3-42AA-A25F-1513AA4A4447}.Release|x64.ActiveCfg = Release|x64
		{3C93208F-F6B3-42AA-A25F-1513AA4A4447}.Release|x64.Build.0 = Release|x64
		{3C93208F-F6B3-42AA-A25F-1513AA4A4447}.Release|x86.ActiveCfg = Release|Win32
		{3C93208F-F6B3-42AA-A25F-1513AA4A4447}.Release|x86.Build.0 = Release|Win32
		{6F2247BB-90E5-4212-9C33-90ACEF33265E}.Debug|x64.ActiveCfg = Debug|x64
		{6F2247BB-90E5-4212-9C33-90ACEF33265E}.Debug|x64.Build.0 = Debug|x64
		{6F2247BB-90E5-4212-9C33-90ACEF33265E}.Debug|x86.ActiveCfg = Debug|Win32
		{6F2247BB-90E5-4212-9C33-90ACEF33265E}.Debug|x86.Build.0 = Debug|Win32
		{6F2247BB-90E5-4212-9C33-90ACEF33265E}.Release|x64.ActiveCfg = Release|x64
		{6F2247BB-90E5-4212-9C33-90ACEF33265E}.Release|x64.Build.0 = Release|x64
		{6F2247BB-90E5-4212-9C33-90ACEF33265E}.Release|x86.ActiveCfg = Release|Win32
		{6F2247BB-90E5-4212-9C33-90ACEF33265E}.Release|x86.Build.0 = Release|Win32
		{7ADD5386-8DB7-4539-87AF-F63D4054B946}.Debug|x64.ActiveCfg = Debug|x64
		{7ADD5386-8DB7-4539-87AF-F63D4054B946}.Debug|x64.Build.0 = Debug|x64
		{7ADD5386-8DB7-4539-87AF-F63D4054B946}.Debug|x86.ActiveCfg = Debug|Win32
		{7ADD5386-8DB7-4539-87AF-F63D4054B946}.Debug|x86.Build.0 = Debug|Win32
		{7ADD5386-8DB7-4539-87AF-F63D4054B946}.Release|x64.ActiveCfg = Release|x64
		{7ADD5386-8DB7-4539-87AF-F63D4054B946}.Release|x64.Build.0 = Release|x64
		{7ADD5386-8DB7-4539-87AF-F63D4054B946}.Release|x86.ActiveCfg = Release|Win32
		{7ADD5386-8DB7-4539-87AF-F63D4054B946}.Release|x86.Build.0 = Release|Win32
		{5FDFE560-DE7F-4DBB-B0AC-ABF19A01F961}.Debug|x64.ActiveCfg = Debug|x64
		{5FDFE560-DE7F-4DBB-B0AC-ABF19A01F961}.Debug|x64.Build.0 = Debug|x64
		{5FDFE560-DE7F-4DBB-B0AC-ABF19A01F961}.Debug|x86.ActiveCfg = Debug|Win32
		{5FDFE560-DE7F-4DBB-B0AC-ABF19A01F961}.Debug|x86.Build.0 = Debug|Win32
		{5FDFE560-DE7F-4DBB-B0AC-ABF19A01F961}.Release|x64.ActiveCfg = Release|x64
		{5FDFE560-DE7F-4DBB-B0AC-ABF19A01F961}.Release|x64.Build.0 = Release|x64
		{5FDFE560-DE7F-4DBB-B0AC-ABF19A01F961}.Release|x86.ActiveCfg = Release|Win32
		{5FDFE560-DE7F-4DBB-B0AC-ABF19A01F961}.Release|x86.Build.0 = Release|Win32
		{2AE599DC-C6EB-4B3E-8820-D6E6B28A5D6C}.Debug|x64.ActiveCfg = Debug|x64
		{2AE599DC-C6EB-4B3E-8820-D6E6B28A5D6C}.Debug|x64.Build.0 = Debug|x64
		{2AE599DC-C6EB-4B3E-8820-D6E6B28A5D6C}.Debug|x86.ActiveCfg = Debug|Win32
		{2AE599DC-C6EB-4B3E-8820-D6E6B28A5D6C}.Debug|x86.Build.0 = Debug|Win32
		{2AE599DC-C6EB-4B3E-8820-D6E6B28A5D6C}.Release|x64.ActiveCfg = Release|x64
		{2AE599DC-C6EB-4B3E-8820-D6E6B28A5D6C}.Release|x64.Build.0 = Release|x64
		{2AE599DC-C6EB-4B3E-8820-D6E6B28A5D6C}.Release|x86.ActiveCfg = Release|Win32
		{2AE599DC-C6EB-4B3E-8820-D6E6B28A5D6C}.Release|x86.Build.0 = Release|Win32
		{12F6DB74-6779-4391-8EC8-063796EE91CB}.Debug|x64.ActiveCfg = Debug|x64
		{12F6DB74-6779-4391-8EC8-063796EE91CB}.Debug|x64.Build.0 = Debug|x64
		{12F6DB74-6779-4391-8EC8-063796EE91CB}.Debug|x86.ActiveCfg = Debug|Win32
		{12F6DB74-6779-4391-8EC8-063796EE91CB}.Debug|x86.Build.0 = Debug|Win32
		{12F6DB74-6779-4391-8EC8-063796EE91CB}.Release|x64.ActiveCfg = Release|x64
		{12F6DB74-6779-4391-8EC8-063796EE91CB}.Release|x64.Build.0 = Release|x64
		{12F6DB74-6779-4391-8EC8-063796EE91CB}.Release|x86.ActiveCfg = Release|Win32
		{12F6DB74-6779-4391-8EC8-063796EE91CB}.Release|x86.Build.0 = Release|Win32
		{BAA530B8-6CE1-458E-AF3D-9584415E79BB}.Debug|x64.ActiveCfg = Debug|x64
		{BAA530B8-6CE1-458E-AF3D-9584415E79BB}.Debug|x64.Build.0 = Debug|x64
		{BAA530B8-6CE1-458E-AF3D-9584415E79BB}.Debug|x86.ActiveCfg = Debug|Win32
		{BAA530B8-6CE1-458E-AF3D-9584415E79BB}.Debug|x86.Build.0 = Debug|Win32
		{BAA530B8-6CE1-458E-AF3D-9584415E79BB}.Release|x64.ActiveCfg = Release|x64
		{BAA530B8-6CE1-458E-AF3D-9584415E79BB}.Release|x64.Build.0 = Release|x64
		{BAA530B8-6CE1-458E-AF3D-9584415E79BB}.Release|x86.ActiveCfg = Release|Win32
		{BAA530B8-6CE1-458E-AF3D-9584415E79BB}.Release|x86.Build.0 = Release|Win32
		{318ACCFC-11FB-4287-BFF4-AE9212271FB1}.Debug|x64.ActiveCfg = Debug|x64
		{318ACCFC-11FB-4287-BFF4-AE9212271FB1}.Debug|x64.Build.0 = Debug|x64
		{318ACCFC-11FB-4287-BFF4-AE9212271FB1}.Debug|x86.ActiveCfg = Debug|Win32
		{318ACCFC-11FB-4287-BFF4-AE9212271FB1}.Debug|x86.Build.0 = Debug|Win32
		{318ACCFC-11FB-4287-BFF4-AE9212271FB1}.Release|x64.ActiveCfg = Release|x64
		{318ACCFC-11FB-4287-BFF4-AE9212271FB1}.Release|x64.Build.0 = Release|x64
		{318ACCFC-11FB-4287-BFF4-AE9212271FB1}.Release|x86.ActiveCfg = Release|Win32
		{318ACCFC-11FB-4287-BFF4-AE9212271FB1}.Release|x86.Build.0 = Release|Win32
		{14D9037B-743B-4309-ABA3-41F5B21E2076}.Debug|x64.ActiveCfg = Debug|x64
		{14D9037B-743B-4309-ABA3-41F5B21E2076}.Debug|x64.Build.0 = Debug|x64
		{14D9037B-743B-4309-ABA3-41F5B21E2076}.Debug|x86.ActiveCfg = Debug|Win32
		{14D9037B-743B-4309-ABA3-41F5B21E2076}.Debug|x86.Build.0 = Debug|Win32
		{14D9037B-743B-4309-ABA3-41F5B21E2076}.Release|x64.ActiveCfg = Release|x64
		{14D9037B-743B-4309-ABA3-41F5B21E2076}.Release|x64.Build.0 = Release|x64
		{14D9037B-743B-4309-ABA3-41F5B21E2076}.Release|x86.ActiveCfg = Release|Win32
		{14D9037B-743B-4309-ABA3-41F5B21E2076}.Release|x86.Build.0 = Release|Win32
		{6D4A24A5-0FD0-433C-9608-1DE01CE2427D}.Debug|x64.ActiveCfg = Debug|x64
		{6D4A24A5-0FD0-433C-9608-1DE01CE2427D}.Debug|x64.Build.0 = Debug|x64
		{6D4A24A5-0FD0-433C-9608-1DE01CE2427D}.Debug|x86.ActiveCfg = Debug|Win32
		{6D4A24A5-0FD0-433C-9608-1DE01CE2427D}.Debug|x86.Build.0 = Debug|Win32
		{6D4A24A5-0FD0-433C-9608-1DE01CE2427D}.Release|x64.ActiveCfg = Release|x64
		{6D4A24A5-0FD0-433C-9608-1DE01CE2427D}.Release|x64.Build.0 = Release|x64
		{6D4A24A5-0FD0-433C-9608-1DE01CE2427D}.Release|x86.ActiveCfg = Release|Win32
		{6D4A24A5-0FD0-433C-9608-1DE01CE2427D}.Release|x86.Build.0 = Release|Win32
		{9A054331-0F37-4205-829F-71F5C849BCF9}.Debug|x64.ActiveCfg = Debug|x64
		{9A054331-0F37-4205-829F-71F5C849BCF9}.Debug|x64.Build.0 = Debug|x64
		{9A054331-0F37-4205-829F-71F5C849BCF9}.Debug|x86.ActiveCfg = Debug|Win32
		{9A054331-0F37-4205-829F-71F5C849BCF9}.Debug|x86.Build.0 = Debug|Win32
		{9A054331-0F37-4205-829F-71F5C849BCF9}.Release|x64.ActiveCfg = Release|x64
		{9A054331-0F37-4205-829F-71F5C849BCF9}.Release|x64.Build.0 = Release|x64
		{9A054331-0F37-4205-829F-71F5C849BCF9}.Release|x86.ActiveCfg = Release|Win32
		{9A054331-0F37-4205-829F-71F5C849BCF9}.Release|x86.Build.0 = Release|Win32
		{0A12CE13-38D2-4E03-A4F9-38E16E142963}.Debug|x64.ActiveCfg = Debug|x64
		{0A12CE13-38D2-4E03-A4F9-38E16E142963}.Debug|x64.Build.0 = Debug|x64
		{0A12CE13-38D2-4E03-A4F9-38E16E142963}.Debug|x86.ActiveCfg = Debug|Win32
		{0A12CE13-38D2-4E03-A4F9-38E16E142963}.Debug|x86.Build.0 = Debug|Win32
		{0A12CE13-38D2-4E03-A4F9-38E16E142963}.Release|x64.ActiveCfg = Release|x64
		{0A12CE13-38D2-4E03-A4F9-38E16E142963}.Release|x64.Build.0 = Release|x64
		{0A12CE13-38D2-4E03-A4F9-38E16E142963}.Release|x86.ActiveCfg = Release|Win32
		{0A12CE13-38D2-4E03-A4F9-38E16E142963}.Release|x86.Build.0 = Release|Win32
		{05BA4192-33D8-4C16-A9DF-F965876A1A9E}.Debug|x64.ActiveCfg = Debug|x64
		{05BA4192-33D8-4C16-A9DF-F965876A1A9E}.Debug|x64.Build.0 = Debug|x64
		{05BA4192-33D8-4C16-A9DF-F965876A1A9E}.Debug|x86.ActiveCfg = Debug|Win32
		{05BA4192-33D8-4C16-A9DF-F965876A1A9E}.Debug|x86.Build.0 = Debug|Win32
		{05BA4192-33D8-4C16-A9DF-F965876A1A9E}.Release|x64.ActiveCfg = Release|x64
		{05BA4192-33D8-4C16-A9DF-F965876A1A9E}.Release|x64.Build.0 = Release|x64
		{05BA4192-33D8-4C16-A9DF-F965876A1A9E}.Release|x86.ActiveCfg = Release|Win32
		{05BA4192-33D8-4C16-A9DF-F965876A1A9E}.Release|x86.Build.0 = Release|Win32
		{0443498A-FCD8-430E-8FFC-3ADE2A15794D}.Debug|x64.ActiveCfg = Debug|x64
		{0443498A-FCD8-430E-8FFC-3ADE2A15794D}.Debug|x64.Build.0 = Debug|x64
		{0443498A-FCD8-430E-8FFC-3ADE2A15794D}.Debug|x86.ActiveCfg = Debug|Win32
		{0443498A-FCD8-430E-8FFC-3ADE2A15794D}.Debug|x86.Build.0 = Debug|Win32
		{0443498A-FCD8-430E-8FFC-3ADE2A15794D}.Release|x64.ActiveCfg = Release|x64
		{0443498A-FCD8-430E-8FFC-3ADE2A15794D}.Release|x64.Build.0 = Release|x64
		{0443498A-FCD8-430E-8FFC-3ADE2A15794D}.Release|x86.ActiveCfg = Release|Win32
		{0443498A-FCD8-430E-8FFC-3ADE2A15794D}.Release|x86.Build.0 = Release|Win32
		{D6C35A7B-DE80-44E9-B1AE-F1AC99F68D10}.Debug|x64.ActiveCfg = Debug|x64
		{D6C35A7B-DE80-44E9-B1AE-F1AC99F68D10}.Debug|x64.Build.0 = Debug|x64
		{D6C35A7B-DE80-44E9-B1AE-F1AC99F68D10}.Debug|x86.ActiveCfg = Debug|Win32
		{D6C35A7B-DE80-44E9-B1AE-F1AC99F68D10}.Debug|x86.Build.0 = Debug|Win32
		{D6C35A7B-DE80-44E9-B1AE-F1AC99F68D10}.Release|x64.ActiveCfg = Release|x64
		{D6C35A7B-DE80-44E9-B1AE-F1AC99F68D10}.Release|x64.Build.0 = Release|x64
		{D6C35A7B-DE80-44E9-B1AE-F1AC99F68D10}.Release|x86.ActiveCfg = Release|Win32
		{D6C35A7B-DE80-44E9-B1AE-F1AC99F68D10}.Release|x86.Build.0 = Release|Win32
		{E6384D93-6439-4AF9-8A9A-7C9FBE6045ED}.Debug|x64.ActiveCfg = Debug|x64
		{E6384D93-6439-4AF9-8A9A-7C9FBE6045ED}.Debug|x64.Build.0 = Debug|x64
		{E6384D93-6439-4AF9-8A9A-7C9FBE6045ED}.Debug|x86.ActiveCfg = Debug|Win32
		{E6384D93-6439-4AF9-8A9A-7C9FBE6045ED}.Debug|x86.Build.0 = Debug|Win32
		{E6384D93-6439-4AF9-8A9A-7C9FBE6045ED}.Release|x64.ActiveCfg = Release|x64
		{E6384D93-6439-4AF9-8A9A-7C9FBE6045ED}.Release|x64.Build.0 = Release|x64
		{E6384D93-6439-4AF9-8A9A-7C9FBE6045ED}.Release|x86.ActiveCfg = Release|Win32
		{E6384D93-6439-4AF9-8A9A-7C9FBE6045ED}.Release|x86.Build.0 = Release|Win32
		{F9B6D3C8-9394-4AB9-8933-9C9F9B9ED758}.Debug|x64.ActiveCfg = Debug|x64
		{F9B6D3C8-9394-4AB9-8933-9C9F9B9ED758}.Debug|x64.Build.0 = Debug|x64
		{F9B6D3C8-9394-4AB9-8933-9C9F9B9ED758}.Debug|x86.ActiveCfg = Debug|Win32
		{F9B6D3C8-9394-4AB9-8933-9C9F9B9ED758}.Debug|x86.Build.0 = Debug|Win32
		{F9B6D3C8-9394-4AB9-8933-9C9F9B9ED758}.Release|x64.ActiveCfg = Release|x64
		{F9B6D3C8-9394-4AB9-8933-9C9F9B9ED758}.Release|x64.Build.0 = Release|x64
		{F9B6D3C8-9394-4AB9-8933-9C9F9B9ED758}.Release|x86.ActiveCfg = Release|Win32
		{F9B6D3C8-9394-4AB9-8933-9C9F9B9ED758}.Release|x86.Build.0 = Release|Win32
	EndGlobalSection
	GlobalSection(SolutionProperties) = preSolution
		HideSolutionNode = FALSE
	EndGlobalSection
EndGlobal
